
Microsoft Visual Studio Solution File, Format Version 12.00
Project("{FAE04EC0-301F-11D3-BF4B-00C04F79EFBC}") = "Callouts", "Callouts\Callouts.csproj", "{458057BC-1BFA-41D7-AC60-5075A88582AA}"
EndProject
Global
	GlobalSection(SolutionConfigurationPlatforms) = preSolution
		Debug|Any CPU = Debug|Any CPU
		Release|Any CPU = Release|Any CPU
	EndGlobalSection
	GlobalSection(ProjectConfigurationPlatforms) = postSolution
		{458057BC-1BFA-41D7-AC60-5075A88582AA}.Debug|Any CPU.ActiveCfg = Debug|Any CPU
		{458057BC-1BFA-41D7-AC60-5075A88582AA}.Debug|Any CPU.Build.0 = Debug|Any CPU
		{458057BC-1BFA-41D7-AC60-5075A88582AA}.Release|Any CPU.ActiveCfg = Release|Any CPU
		{458057BC-1BFA-41D7-AC60-5075A88582AA}.Release|Any CPU.Build.0 = Release|Any CPU
	EndGlobalSection
EndGlobal
